
Microsoft Visual Studio Solution File, Format Version 12.00
# Visual Studio Version 16
VisualStudioVersion = 16.0.30523.141
MinimumVisualStudioVersion = 10.0.40219.1
Project("{FAE04EC0-301F-11D3-BF4B-00C04F79EFBC}") = "DoToo.UWP", "DoToo\DoToo.UWP\DoToo.UWP.csproj", "{4D64FFA7-7ED0-4621-B631-E8A50F04C40C}"
EndProject
Project("{FAE04EC0-301F-11D3-BF4B-00C04F79EFBC}") = "DoToo.Android", "DoToo\DoToo.Android\DoToo.Android.csproj", "{8F9B9564-1054-4CDB-8046-1A7A895D987E}"
EndProject
Project("{FAE04EC0-301F-11D3-BF4B-00C04F79EFBC}") = "DoToo.iOS", "DoToo\DoToo.iOS\DoToo.iOS.csproj", "{E9A9E063-3FC2-49BB-A865-60072DE55B8F}"
EndProject
Project("{FAE04EC0-301F-11D3-BF4B-00C04F79EFBC}") = "DoToo", "DoToo\DoToo\DoToo.csproj", "{FFFD1C41-B35C-4D14-93FD-721A3F950506}"
EndProject
Global
	GlobalSection(SolutionConfigurationPlatforms) = preSolution
		Debug|Any CPU = Debug|Any CPU
		Debug|ARM = Debug|ARM
		Debug|iPhone = Debug|iPhone
		Debug|iPhoneSimulator = Debug|iPhoneSimulator
		Debug|x64 = Debug|x64
		Debug|x86 = Debug|x86
		Release|Any CPU = Release|Any CPU
		Release|ARM = Release|ARM
		Release|iPhone = Release|iPhone
		Release|iPhoneSimulator = Release|iPhoneSimulator
		Release|x64 = Release|x64
		Release|x86 = Release|x86
	EndGlobalSection
	GlobalSection(ProjectConfigurationPlatforms) = postSolution
		{4D64FFA7-7ED0-4621-B631-E8A50F04C40C}.Debug|Any CPU.ActiveCfg = Debug|x86
		{4D64FFA7-7ED0-4621-B631-E8A50F04C40C}.Debug|Any CPU.Build.0 = Debug|x86
		{4D64FFA7-7ED0-4621-B631-E8A50F04C40C}.Debug|Any CPU.Deploy.0 = Debug|x86
		{4D64FFA7-7ED0-4621-B631-E8A50F04C40C}.Debug|ARM.ActiveCfg = Debug|ARM
		{4D64FFA7-7ED0-4621-B631-E8A50F04C40C}.Debug|ARM.Build.0 = Debug|ARM
		{4D64FFA7-7ED0-4621-B631-E8A50F04C40C}.Debug|ARM.Deploy.0 = Debug|ARM
		{4D64FFA7-7ED0-4621-B631-E8A50F04C40C}.Debug|iPhone.ActiveCfg = Debug|x86
		{4D64FFA7-7ED0-4621-B631-E8A50F04C40C}.Debug|iPhone.Build.0 = Debug|x86
		{4D64FFA7-7ED0-4621-B631-E8A50F04C40C}.Debug|iPhone.Deploy.0 = Debug|x86
		{4D64FFA7-7ED0-4621-B631-E8A50F04C40C}.Debug|iPhoneSimulator.ActiveCfg = Debug|x86
		{4D64FFA7-7ED0-4621-B631-E8A50F04C40C}.Debug|iPhoneSimulator.Build.0 = Debug|x86
		{4D64FFA7-7ED0-4621-B631-E8A50F04C40C}.Debug|iPhoneSimulator.Deploy.0 = Debug|x86
		{4D64FFA7-7ED0-4621-B631-E8A50F04C40C}.Debug|x64.ActiveCfg = Debug|x64
		{4D64FFA7-7ED0-4621-B631-E8A50F04C40C}.Debug|x64.Build.0 = Debug|x64
		{4D64FFA7-7ED0-4621-B631-E8A50F04C40C}.Debug|x64.Deploy.0 = Debug|x64
		{4D64FFA7-7ED0-4621-B631-E8A50F04C40C}.Debug|x86.ActiveCfg = Debug|x86
		{4D64FFA7-7ED0-4621-B631-E8A50F04C40C}.Debug|x86.Build.0 = Debug|x86
		{4D64FFA7-7ED0-4621-B631-E8A50F04C40C}.Debug|x86.Deploy.0 = Debug|x86
		{4D64FFA7-7ED0-4621-B631-E8A50F04C40C}.Release|Any CPU.ActiveCfg = Release|x86
		{4D64FFA7-7ED0-4621-B631-E8A50F04C40C}.Release|Any CPU.Build.0 = Release|x86
		{4D64FFA7-7ED0-4621-B631-E8A50F04C40C}.Release|Any CPU.Deploy.0 = Release|x86
		{4D64FFA7-7ED0-4621-B631-E8A50F04C40C}.Release|ARM.ActiveCfg = Release|ARM
		{4D64FFA7-7ED0-4621-B631-E8A50F04C40C}.Release|ARM.Build.0 = Release|ARM
		{4D64FFA7-7ED0-4621-B631-E8A50F04C40C}.Release|ARM.Deploy.0 = Release|ARM
		{4D64FFA7-7ED0-4621-B631-E8A50F04C40C}.Release|iPhone.ActiveCfg = Release|x86
		{4D64FFA7-7ED0-4621-B631-E8A50F04C40C}.Release|iPhone.Build.0 = Release|x86
		{4D64FFA7-7ED0-4621-B631-E8A50F04C40C}.Release|iPhone.Deploy.0 = Release|x86
		{4D64FFA7-7ED0-4621-B631-E8A50F04C40C}.Release|iPhoneSimulator.ActiveCfg = Release|x86
		{4D64FFA7-7ED0-4621-B631-E8A50F04C40C}.Release|iPhoneSimulator.Build.0 = Release|x86
		{4D64FFA7-7ED0-4621-B631-E8A50F04C40C}.Release|iPhoneSimulator.Deploy.0 = Release|x86
		{4D64FFA7-7ED0-4621-B631-E8A50F04C40C}.Release|x64.ActiveCfg = Release|x64
		{4D64FFA7-7ED0-4621-B631-E8A50F04C40C}.Release|x64.Build.0 = Release|x64
		{4D64FFA7-7ED0-4621-B631-E8A50F04C40C}.Release|x64.Deploy.0 = Release|x64
		{4D64FFA7-7ED0-4621-B631-E8A50F04C40C}.Release|x86.ActiveCfg = Release|x86
		{4D64FFA7-7ED0-4621-B631-E8A50F04C40C}.Release|x86.Build.0 = Release|x86
		{4D64FFA7-7ED0-4621-B631-E8A50F04C40C}.Release|x86.Deploy.0 = Release|x86
		{8F9B9564-1054-4CDB-8046-1A7A895D987E}.Debug|Any CPU.ActiveCfg = Debug|Any CPU
		{8F9B9564-1054-4CDB-8046-1A7A895D987E}.Debug|Any CPU.Build.0 = Debug|Any CPU
		{8F9B9564-1054-4CDB-8046-1A7A895D987E}.Debug|Any CPU.Deploy.0 = Debug|Any CPU
		{8F9B9564-1054-4CDB-8046-1A7A895D987E}.Debug|ARM.ActiveCfg = Debug|Any CPU
		{8F9B9564-1054-4CDB-8046-1A7A895D987E}.Debug|ARM.Build.0 = Debug|Any CPU
		{8F9B9564-1054-4CDB-8046-1A7A895D987E}.Debug|ARM.Deploy.0 = Debug|Any CPU
		{8F9B9564-1054-4CDB-8046-1A7A895D987E}.Debug|iPhone.ActiveCfg = Debug|Any CPU
		{8F9B9564-1054-4CDB-8046-1A7A895D987E}.Debug|iPhone.Build.0 = Debug|Any CPU
		{8F9B9564-1054-4CDB-8046-1A7A895D987E}.Debug|iPhone.Deploy.0 = Debug|Any CPU
		{8F9B9564-1054-4CDB-8046-1A7A895D987E}.Debug|iPhoneSimulator.ActiveCfg = Debug|Any CPU
		{8F9B9564-1054-4CDB-8046-1A7A895D987E}.Debug|iPhoneSimulator.Build.0 = Debug|Any CPU
		{8F9B9564-1054-4CDB-8046-1A7A895D987E}.Debug|iPhoneSimulator.Deploy.0 = Debug|Any CPU
		{8F9B9564-1054-4CDB-8046-1A7A895D987E}.Debug|x64.ActiveCfg = Debug|Any CPU
		{8F9B9564-1054-4CDB-8046-1A7A895D987E}.Debug|x64.Build.0 = Debug|Any CPU
		{8F9B9564-1054-4CDB-8046-1A7A895D987E}.Debug|x64.Deploy.0 = Debug|Any CPU
		{8F9B9564-1054-4CDB-8046-1A7A895D987E}.Debug|x86.ActiveCfg = Debug|Any CPU
		{8F9B9564-1054-4CDB-8046-1A7A895D987E}.Debug|x86.Build.0 = Debug|Any CPU
		{8F9B9564-1054-4CDB-8046-1A7A895D987E}.Debug|x86.Deploy.0 = Debug|Any CPU
		{8F9B9564-1054-4CDB-8046-1A7A895D987E}.Release|Any CPU.ActiveCfg = Release|Any CPU
		{8F9B9564-1054-4CDB-8046-1A7A895D987E}.Release|Any CPU.Build.0 = Release|Any CPU
		{8F9B9564-1054-4CDB-8046-1A7A895D987E}.Release|Any CPU.Deploy.0 = Release|Any CPU
		{8F9B9564-1054-4CDB-8046-1A7A895D987E}.Release|ARM.ActiveCfg = Release|Any CPU
		{8F9B9564-1054-4CDB-8046-1A7A895D987E}.Release|ARM.Build.0 = Release|Any CPU
		{8F9B9564-1054-4CDB-8046-1A7A895D987E}.Release|ARM.Deploy.0 = Release|Any CPU
		{8F9B9564-1054-4CDB-8046-1A7A895D987E}.Release|iPhone.ActiveCfg = Release|Any CPU
		{8F9B9564-1054-4CDB-8046-1A7A895D987E}.Release|iPhone.Build.0 = Release|Any CPU
		{8F9B9564-1054-4CDB-8046-1A7A895D987E}.Release|iPhone.Deploy.0 = Release|Any CPU
		{8F9B9564-1054-4CDB-8046-1A7A895D987E}.Release|iPhoneSimulator.ActiveCfg = Release|Any CPU
		{8F9B9564-1054-4CDB-8046-1A7A895D987E}.Release|iPhoneSimulator.Build.0 = Release|Any CPU
		{8F9B9564-1054-4CDB-8046-1A7A895D987E}.Release|iPhoneSimulator.Deploy.0 = Release|Any CPU
		{8F9B9564-1054-4CDB-8046-1A7A895D987E}.Release|x64.ActiveCfg = Release|Any CPU
		{8F9B9564-1054-4CDB-8046-1A7A895D987E}.Release|x64.Build.0 = Release|Any CPU
		{8F9B9564-1054-4CDB-8046-1A7A895D987E}.Release|x64.Deploy.0 = Release|Any CPU
		{8F9B9564-1054-4CDB-8046-1A7A895D987E}.Release|x86.ActiveCfg = Release|Any CPU
		{8F9B9564-1054-4CDB-8046-1A7A895D987E}.Release|x86.Build.0 = Release|Any CPU
		{8F9B9564-1054-4CDB-8046-1A7A895D987E}.Release|x86.Deploy.0 = Release|Any CPU
		{E9A9E063-3FC2-49BB-A865-60072DE55B8F}.Debug|Any CPU.ActiveCfg = Debug|iPhoneSimulator
		{E9A9E063-3FC2-49BB-A865-60072DE55B8F}.Debug|Any CPU.Build.0 = Debug|iPhoneSimulator
		{E9A9E063-3FC2-49BB-A865-60072DE55B8F}.Debug|Any CPU.Deploy.0 = Debug|iPhoneSimulator
		{E9A9E063-3FC2-49BB-A865-60072DE55B8F}.Debug|ARM.ActiveCfg = Debug|iPhone
		{E9A9E063-3FC2-49BB-A865-60072DE55B8F}.Debug|ARM.Build.0 = Debug|iPhone
		{E9A9E063-3FC2-49BB-A865-60072DE55B8F}.Debug|ARM.Deploy.0 = Debug|iPhone
		{E9A9E063-3FC2-49BB-A865-60072DE55B8F}.Debug|iPhone.ActiveCfg = Debug|iPhone
		{E9A9E063-3FC2-49BB-A865-60072DE55B8F}.Debug|iPhone.Build.0 = Debug|iPhone
		{E9A9E063-3FC2-49BB-A865-60072DE55B8F}.Debug|iPhone.Deploy.0 = Debug|iPhone
		{E9A9E063-3FC2-49BB-A865-60072DE55B8F}.Debug|iPhoneSimulator.ActiveCfg = Debug|iPhoneSimulator
		{E9A9E063-3FC2-49BB-A865-60072DE55B8F}.Debug|iPhoneSimulator.Build.0 = Debug|iPhoneSimulator
		{E9A9E063-3FC2-49BB-A865-60072DE55B8F}.Debug|iPhoneSimulator.Deploy.0 = Debug|iPhoneSimulator
		{E9A9E063-3FC2-49BB-A865-60072DE55B8F}.Debug|x64.ActiveCfg = Debug|iPhoneSimulator
		{E9A9E063-3FC2-49BB-A865-60072DE55B8F}.Debug|x64.Build.0 = Debug|iPhoneSimulator
		{E9A9E063-3FC2-49BB-A865-60072DE55B8F}.Debug|x64.Deploy.0 = Debug|iPhoneSimulator
		{E9A9E063-3FC2-49BB-A865-60072DE55B8F}.Debug|x86.ActiveCfg = Debug|iPhoneSimulator
		{E9A9E063-3FC2-49BB-A865-60072DE55B8F}.Debug|x86.Build.0 = Debug|iPhoneSimulator
		{E9A9E063-3FC2-49BB-A865-60072DE55B8F}.Debug|x86.Deploy.0 = Debug|iPhoneSimulator
		{E9A9E063-3FC2-49BB-A865-60072DE55B8F}.Release|Any CPU.ActiveCfg = Release|iPhoneSimulator
		{E9A9E063-3FC2-49BB-A865-60072DE55B8F}.Release|Any CPU.Build.0 = Release|iPhoneSimulator
		{E9A9E063-3FC2-49BB-A865-60072DE55B8F}.Release|Any CPU.Deploy.0 = Release|iPhoneSimulator
		{E9A9E063-3FC2-49BB-A865-60072DE55B8F}.Release|ARM.ActiveCfg = Release|iPhoneSimulator
		{E9A9E063-3FC2-49BB-A865-60072DE55B8F}.Release|ARM.Build.0 = Release|iPhoneSimulator
		{E9A9E063-3FC2-49BB-A865-60072DE55B8F}.Release|ARM.Deploy.0 = Release|iPhoneSimulator
		{E9A9E063-3FC2-49BB-A865-60072DE55B8F}.Release|iPhone.ActiveCfg = Release|iPhone
		{E9A9E063-3FC2-49BB-A865-60072DE55B8F}.Release|iPhone.Build.0 = Release|iPhone
		{E9A9E063-3FC2-49BB-A865-60072DE55B8F}.Release|iPhone.Deploy.0 = Release|iPhone
		{E9A9E063-3FC2-49BB-A865-60072DE55B8F}.Release|iPhoneSimulator.ActiveCfg = Release|iPhoneSimulator
		{E9A9E063-3FC2-49BB-A865-60072DE55B8F}.Release|iPhoneSimulator.Build.0 = Release|iPhoneSimulator
		{E9A9E063-3FC2-49BB-A865-60072DE55B8F}.Release|iPhoneSimulator.Deploy.0 = Release|iPhoneSimulator
		{E9A9E063-3FC2-49BB-A865-60072DE55B8F}.Release|x64.ActiveCfg = Release|iPhoneSimulator
		{E9A9E063-3FC2-49BB-A865-60072DE55B8F}.Release|x64.Build.0 = Release|iPhoneSimulator
		{E9A9E063-3FC2-49BB-A865-60072DE55B8F}.Release|x64.Deploy.0 = Release|iPhoneSimulator
		{E9A9E063-3FC2-49BB-A865-60072DE55B8F}.Release|x86.ActiveCfg = Release|iPhoneSimulator
		{E9A9E063-3FC2-49BB-A865-60072DE55B8F}.Release|x86.Build.0 = Release|iPhoneSimulator
		{E9A9E063-3FC2-49BB-A865-60072DE55B8F}.Release|x86.Deploy.0 = Release|iPhoneSimulator
		{FFFD1C41-B35C-4D14-93FD-721A3F950506}.Debug|Any CPU.ActiveCfg = Debug|Any CPU
		{FFFD1C41-B35C-4D14-93FD-721A3F950506}.Debug|Any CPU.Build.0 = Debug|Any CPU
		{FFFD1C41-B35C-4D14-93FD-721A3F950506}.Debug|Any CPU.Deploy.0 = Debug|Any CPU
		{FFFD1C41-B35C-4D14-93FD-721A3F950506}.Debug|ARM.ActiveCfg = Debug|Any CPU
		{FFFD1C41-B35C-4D14-93FD-721A3F950506}.Debug|ARM.Build.0 = Debug|Any CPU
		{FFFD1C41-B35C-4D14-93FD-721A3F950506}.Debug|ARM.Deploy.0 = Debug|Any CPU
		{FFFD1C41-B35C-4D14-93FD-721A3F950506}.Debug|iPhone.ActiveCfg = Debug|Any CPU
		{FFFD1C41-B35C-4D14-93FD-721A3F950506}.Debug|iPhone.Build.0 = Debug|Any CPU
		{FFFD1C41-B35C-4D14-93FD-721A3F950506}.Debug|iPhone.Deploy.0 = Debug|Any CPU
		{FFFD1C41-B35C-4D14-93FD-721A3F950506}.Debug|iPhoneSimulator.ActiveCfg = Debug|Any CPU
		{FFFD1C41-B35C-4D14-93FD-721A3F950506}.Debug|iPhoneSimulator.Build.0 = Debug|Any CPU
		{FFFD1C41-B35C-4D14-93FD-721A3F950506}.Debug|iPhoneSimulator.Deploy.0 = Debug|Any CPU
		{FFFD1C41-B35C-4D14-93FD-721A3F950506}.Debug|x64.ActiveCfg = Debug|Any CPU
		{FFFD1C41-B35C-4D14-93FD-721A3F950506}.Debug|x64.Build.0 = Debug|Any CPU
		{FFFD1C41-B35C-4D14-93FD-721A3F950506}.Debug|x64.Deploy.0 = Debug|Any CPU
		{FFFD1C41-B35C-4D14-93FD-721A3F950506}.Debug|x86.ActiveCfg = Debug|Any CPU
		{FFFD1C41-B35C-4D14-93FD-721A3F950506}.Debug|x86.Build.0 = Debug|Any CPU
		{FFFD1C41-B35C-4D14-93FD-721A3F950506}.Debug|x86.Deploy.0 = Debug|Any CPU
		{FFFD1C41-B35C-4D14-93FD-721A3F950506}.Release|Any CPU.ActiveCfg = Release|Any CPU
		{FFFD1C41-B35C-4D14-93FD-721A3F950506}.Release|Any CPU.Build.0 = Release|Any CPU
		{FFFD1C41-B35C-4D14-93FD-721A3F950506}.Release|Any CPU.Deploy.0 = Release|Any CPU
		{FFFD1C41-B35C-4D14-93FD-721A3F950506}.Release|ARM.ActiveCfg = Release|Any CPU
		{FFFD1C41-B35C-4D14-93FD-721A3F950506}.Release|ARM.Build.0 = Release|Any CPU
		{FFFD1C41-B35C-4D14-93FD-721A3F950506}.Release|ARM.Deploy.0 = Release|Any CPU
		{FFFD1C41-B35C-4D14-93FD-721A3F950506}.Release|iPhone.ActiveCfg = Release|Any CPU
		{FFFD1C41-B35C-4D14-93FD-721A3F950506}.Release|iPhone.Build.0 = Release|Any CPU
		{FFFD1C41-B35C-4D14-93FD-721A3F950506}.Release|iPhone.Deploy.0 = Release|Any CPU
		{FFFD1C41-B35C-4D14-93FD-721A3F950506}.Release|iPhoneSimulator.ActiveCfg = Release|Any CPU
		{FFFD1C41-B35C-4D14-93FD-721A3F950506}.Release|iPhoneSimulator.Build.0 = Release|Any CPU
		{FFFD1C41-B35C-4D14-93FD-721A3F950506}.Release|iPhoneSimulator.Deploy.0 = Release|Any CPU
		{FFFD1C41-B35C-4D14-93FD-721A3F950506}.Release|x64.ActiveCfg = Release|Any CPU
		{FFFD1C41-B35C-4D14-93FD-721A3F950506}.Release|x64.Build.0 = Release|Any CPU
		{FFFD1C41-B35C-4D14-93FD-721A3F950506}.Release|x64.Deploy.0 = Release|Any CPU
		{FFFD1C41-B35C-4D14-93FD-721A3F950506}.Release|x86.ActiveCfg = Release|Any CPU
		{FFFD1C41-B35C-4D14-93FD-721A3F950506}.Release|x86.Build.0 = Release|Any CPU
		{FFFD1C41-B35C-4D14-93FD-721A3F950506}.Release|x86.Deploy.0 = Release|Any CPU
	EndGlobalSection
	GlobalSection(SolutionProperties) = preSolution
		HideSolutionNode = FALSE
	EndGlobalSection
	GlobalSection(ExtensibilityGlobals) = postSolution
		SolutionGuid = {2E1083A5-0159-4818-891C-B4677EBD771E}
	EndGlobalSection
EndGlobal
